// !$*UTF8*$!
{
	archiveVersion = 1;
	classes = {
	};
	objectVersion = 48;
	objects = {

/* Begin PBXBuildFile section */
		133D5A1DBF906E17F8911141 /* Pods_AmplitudeTracker.framework in Frameworks */ = {isa = PBXBuildFile; fileRef = 3FCAB7CDB91F72E0C408509A /* Pods_AmplitudeTracker.framework */; };
		F774FAE71F844F3600AFAADF /* AppDelegate.swift in Sources */ = {isa = PBXBuildFile; fileRef = F774FAE61F844F3600AFAADF /* AppDelegate.swift */; };
		F774FAE91F844F3600AFAADF /* ViewController.swift in Sources */ = {isa = PBXBuildFile; fileRef = F774FAE81F844F3600AFAADF /* ViewController.swift */; };
		F774FAEC1F844F3600AFAADF /* Main.storyboard in Resources */ = {isa = PBXBuildFile; fileRef = F774FAEA1F844F3600AFAADF /* Main.storyboard */; };
		F774FAEE1F844F3600AFAADF /* Assets.xcassets in Resources */ = {isa = PBXBuildFile; fileRef = F774FAED1F844F3600AFAADF /* Assets.xcassets */; };
		F774FAF11F844F3600AFAADF /* LaunchScreen.storyboard in Resources */ = {isa = PBXBuildFile; fileRef = F774FAEF1F844F3600AFAADF /* LaunchScreen.storyboard */; };
		F774FB011F844FA700AFAADF /* Conductor.swift in Sources */ = {isa = PBXBuildFile; fileRef = F774FB001F844FA700AFAADF /* Conductor.swift */; };
/* End PBXBuildFile section */

/* Begin PBXCopyFilesBuildPhase section */
		F774FAFF1F844F8400AFAADF /* Embed Frameworks */ = {
			isa = PBXCopyFilesBuildPhase;
			buildActionMask = 2147483647;
			dstPath = "";
			dstSubfolderSpec = 10;
			files = (
			);
			name = "Embed Frameworks";
			runOnlyForDeploymentPostprocessing = 0;
		};
/* End PBXCopyFilesBuildPhase section */

/* Begin PBXFileReference section */
		3FCAB7CDB91F72E0C408509A /* Pods_AmplitudeTracker.framework */ = {isa = PBXFileReference; explicitFileType = wrapper.framework; includeInIndex = 0; path = Pods_AmplitudeTracker.framework; sourceTree = BUILT_PRODUCTS_DIR; };
		76998D21FFC0F20EF14ECE0D /* Pods-AmplitudeTracker.release.xcconfig */ = {isa = PBXFileReference; includeInIndex = 1; lastKnownFileType = text.xcconfig; name = "Pods-AmplitudeTracker.release.xcconfig"; path = "Pods/Target Support Files/Pods-AmplitudeTracker/Pods-AmplitudeTracker.release.xcconfig"; sourceTree = "<group>"; };
		BCC6E938CAB287F7A36C5D5B /* Pods-AmplitudeTracker.debug.xcconfig */ = {isa = PBXFileReference; includeInIndex = 1; lastKnownFileType = text.xcconfig; name = "Pods-AmplitudeTracker.debug.xcconfig"; path = "Pods/Target Support Files/Pods-AmplitudeTracker/Pods-AmplitudeTracker.debug.xcconfig"; sourceTree = "<group>"; };
		F774FAE31F844F3600AFAADF /* AmplitudeTracker.app */ = {isa = PBXFileReference; explicitFileType = wrapper.application; includeInIndex = 0; path = AmplitudeTracker.app; sourceTree = BUILT_PRODUCTS_DIR; };
		F774FAE61F844F3600AFAADF /* AppDelegate.swift */ = {isa = PBXFileReference; lastKnownFileType = sourcecode.swift; path = AppDelegate.swift; sourceTree = "<group>"; };
		F774FAE81F844F3600AFAADF /* ViewController.swift */ = {isa = PBXFileReference; lastKnownFileType = sourcecode.swift; path = ViewController.swift; sourceTree = "<group>"; };
		F774FAEB1F844F3600AFAADF /* Base */ = {isa = PBXFileReference; lastKnownFileType = file.storyboard; name = Base; path = Base.lproj/Main.storyboard; sourceTree = "<group>"; };
		F774FAED1F844F3600AFAADF /* Assets.xcassets */ = {isa = PBXFileReference; lastKnownFileType = folder.assetcatalog; path = Assets.xcassets; sourceTree = "<group>"; };
		F774FAF01F844F3600AFAADF /* Base */ = {isa = PBXFileReference; lastKnownFileType = file.storyboard; name = Base; path = Base.lproj/LaunchScreen.storyboard; sourceTree = "<group>"; };
		F774FAF21F844F3600AFAADF /* Info.plist */ = {isa = PBXFileReference; lastKnownFileType = text.plist.xml; path = Info.plist; sourceTree = "<group>"; };
		F774FB001F844FA700AFAADF /* Conductor.swift */ = {isa = PBXFileReference; lastKnownFileType = sourcecode.swift; path = Conductor.swift; sourceTree = "<group>"; };
/* End PBXFileReference section */

/* Begin PBXFrameworksBuildPhase section */
		F774FAE01F844F3600AFAADF /* Frameworks */ = {
			isa = PBXFrameworksBuildPhase;
			buildActionMask = 2147483647;
			files = (
				133D5A1DBF906E17F8911141 /* Pods_AmplitudeTracker.framework in Frameworks */,
			);
			runOnlyForDeploymentPostprocessing = 0;
		};
/* End PBXFrameworksBuildPhase section */

/* Begin PBXGroup section */
		1EF02E538D17155A48CCB22D /* Frameworks */ = {
			isa = PBXGroup;
			children = (
				3FCAB7CDB91F72E0C408509A /* Pods_AmplitudeTracker.framework */,
			);
			name = Frameworks;
			sourceTree = "<group>";
		};
		A270AAD0C79A529274C14B7E /* Pods */ = {
			isa = PBXGroup;
			children = (
				BCC6E938CAB287F7A36C5D5B /* Pods-AmplitudeTracker.debug.xcconfig */,
				76998D21FFC0F20EF14ECE0D /* Pods-AmplitudeTracker.release.xcconfig */,
			);
			name = Pods;
			sourceTree = "<group>";
		};
		F774FADA1F844F3600AFAADF = {
			isa = PBXGroup;
			children = (
				F774FAE51F844F3600AFAADF /* AmplitudeTracker */,
				F774FAE41F844F3600AFAADF /* Products */,
				1EF02E538D17155A48CCB22D /* Frameworks */,
				A270AAD0C79A529274C14B7E /* Pods */,
			);
			sourceTree = "<group>";
		};
		F774FAE41F844F3600AFAADF /* Products */ = {
			isa = PBXGroup;
			children = (
				F774FAE31F844F3600AFAADF /* AmplitudeTracker.app */,
			);
			name = Products;
			sourceTree = "<group>";
		};
		F774FAE51F844F3600AFAADF /* AmplitudeTracker */ = {
			isa = PBXGroup;
			children = (
				F774FB001F844FA700AFAADF /* Conductor.swift */,
				F774FAE61F844F3600AFAADF /* AppDelegate.swift */,
				F774FAE81F844F3600AFAADF /* ViewController.swift */,
				F774FAEA1F844F3600AFAADF /* Main.storyboard */,
				F774FAED1F844F3600AFAADF /* Assets.xcassets */,
				F774FAEF1F844F3600AFAADF /* LaunchScreen.storyboard */,
				F774FAF21F844F3600AFAADF /* Info.plist */,
			);
			path = AmplitudeTracker;
			sourceTree = "<group>";
		};
/* End PBXGroup section */

/* Begin PBXNativeTarget section */
		F774FAE21F844F3600AFAADF /* AmplitudeTracker */ = {
			isa = PBXNativeTarget;
			buildConfigurationList = F774FAF51F844F3600AFAADF /* Build configuration list for PBXNativeTarget "AmplitudeTracker" */;
			buildPhases = (
				0430DE741996FFFAAAF3D8F6 /* [CP] Check Pods Manifest.lock */,
				F774FADF1F844F3600AFAADF /* Sources */,
				F774FAE01F844F3600AFAADF /* Frameworks */,
				F774FAE11F844F3600AFAADF /* Resources */,
				F774FAFF1F844F8400AFAADF /* Embed Frameworks */,
				CE4B255578AFEB249B731FCF /* [CP] Embed Pods Frameworks */,
				412711C4DDE4B948FD1C6A86 /* [CP] Copy Pods Resources */,
			);
			buildRules = (
			);
			dependencies = (
			);
			name = AmplitudeTracker;
			productName = AmplitudeTracker;
			productReference = F774FAE31F844F3600AFAADF /* AmplitudeTracker.app */;
			productType = "com.apple.product-type.application";
		};
/* End PBXNativeTarget section */

/* Begin PBXProject section */
		F774FADB1F844F3600AFAADF /* Project object */ = {
			isa = PBXProject;
			attributes = {
				LastSwiftUpdateCheck = 0900;
				LastUpgradeCheck = 0900;
				ORGANIZATIONNAME = "Mark Jeschke";
				TargetAttributes = {
					F774FAE21F844F3600AFAADF = {
						CreatedOnToolsVersion = 9.0;
						ProvisioningStyle = Automatic;
					};
				};
			};
			buildConfigurationList = F774FADE1F844F3600AFAADF /* Build configuration list for PBXProject "AmplitudeTracker" */;
			compatibilityVersion = "Xcode 8.0";
			developmentRegion = en;
			hasScannedForEncodings = 0;
			knownRegions = (
				en,
				Base,
			);
			mainGroup = F774FADA1F844F3600AFAADF;
			productRefGroup = F774FAE41F844F3600AFAADF /* Products */;
			projectDirPath = "";
			projectRoot = "";
			targets = (
				F774FAE21F844F3600AFAADF /* AmplitudeTracker */,
			);
		};
/* End PBXProject section */

/* Begin PBXResourcesBuildPhase section */
		F774FAE11F844F3600AFAADF /* Resources */ = {
			isa = PBXResourcesBuildPhase;
			buildActionMask = 2147483647;
			files = (
				F774FAF11F844F3600AFAADF /* LaunchScreen.storyboard in Resources */,
				F774FAEE1F844F3600AFAADF /* Assets.xcassets in Resources */,
				F774FAEC1F844F3600AFAADF /* Main.storyboard in Resources */,
			);
			runOnlyForDeploymentPostprocessing = 0;
		};
/* End PBXResourcesBuildPhase section */

/* Begin PBXShellScriptBuildPhase section */
		0430DE741996FFFAAAF3D8F6 /* [CP] Check Pods Manifest.lock */ = {
			isa = PBXShellScriptBuildPhase;
			buildActionMask = 2147483647;
			files = (
			);
			inputPaths = (
			);
			name = "[CP] Check Pods Manifest.lock";
			outputPaths = (
			);
			runOnlyForDeploymentPostprocessing = 0;
			shellPath = /bin/sh;
			shellScript = "diff \"${PODS_ROOT}/../Podfile.lock\" \"${PODS_ROOT}/Manifest.lock\" > /dev/null\nif [ $? != 0 ] ; then\n    # print error to STDERR\n    echo \"error: The sandbox is not in sync with the Podfile.lock. Run 'pod install' or update your CocoaPods installation.\" >&2\n    exit 1\nfi\n";
			showEnvVarsInLog = 0;
		};
		412711C4DDE4B948FD1C6A86 /* [CP] Copy Pods Resources */ = {
			isa = PBXShellScriptBuildPhase;
			buildActionMask = 2147483647;
			files = (
			);
			inputPaths = (
			);
			name = "[CP] Copy Pods Resources";
			outputPaths = (
			);
			runOnlyForDeploymentPostprocessing = 0;
			shellPath = /bin/sh;
			shellScript = "\"${SRCROOT}/Pods/Target Support Files/Pods-AmplitudeTracker/Pods-AmplitudeTracker-resources.sh\"\n";
			showEnvVarsInLog = 0;
		};
		CE4B255578AFEB249B731FCF /* [CP] Embed Pods Frameworks */ = {
			isa = PBXShellScriptBuildPhase;
			buildActionMask = 2147483647;
			files = (
			);
			inputPaths = (
			);
			name = "[CP] Embed Pods Frameworks";
			outputPaths = (
			);
			runOnlyForDeploymentPostprocessing = 0;
			shellPath = /bin/sh;
			shellScript = "\"${SRCROOT}/Pods/Target Support Files/Pods-AmplitudeTracker/Pods-AmplitudeTracker-frameworks.sh\"\n";
			showEnvVarsInLog = 0;
		};
/* End PBXShellScriptBuildPhase section */

/* Begin PBXSourcesBuildPhase section */
		F774FADF1F844F3600AFAADF /* Sources */ = {
			isa = PBXSourcesBuildPhase;
			buildActionMask = 2147483647;
			files = (
				F774FAE91F844F3600AFAADF /* ViewController.swift in Sources */,
				F774FB011F844FA700AFAADF /* Conductor.swift in Sources */,
				F774FAE71F844F3600AFAADF /* AppDelegate.swift in Sources */,
			);
			runOnlyForDeploymentPostprocessing = 0;
		};
/* End PBXSourcesBuildPhase section */

/* Begin PBXVariantGroup section */
		F774FAEA1F844F3600AFAADF /* Main.storyboard */ = {
			isa = PBXVariantGroup;
			children = (
				F774FAEB1F844F3600AFAADF /* Base */,
			);
			name = Main.storyboard;
			sourceTree = "<group>";
		};
		F774FAEF1F844F3600AFAADF /* LaunchScreen.storyboard */ = {
			isa = PBXVariantGroup;
			children = (
				F774FAF01F844F3600AFAADF /* Base */,
			);
			name = LaunchScreen.storyboard;
			sourceTree = "<group>";
		};
/* End PBXVariantGroup section */

/* Begin XCBuildConfiguration section */
		F774FAF31F844F3600AFAADF /* Debug */ = {
			isa = XCBuildConfiguration;
			buildSettings = {
				ALWAYS_SEARCH_USER_PATHS = NO;
				CLANG_ANALYZER_NONNULL = YES;
				CLANG_ANALYZER_NUMBER_OBJECT_CONVERSION = YES_AGGRESSIVE;
				CLANG_CXX_LANGUAGE_STANDARD = "gnu++14";
				CLANG_CXX_LIBRARY = "libc++";
				CLANG_ENABLE_MODULES = YES;
				CLANG_ENABLE_OBJC_ARC = YES;
				CLANG_WARN_BLOCK_CAPTURE_AUTORELEASING = YES;
				CLANG_WARN_BOOL_CONVERSION = YES;
				CLANG_WARN_COMMA = YES;
				CLANG_WARN_CONSTANT_CONVERSION = YES;
				CLANG_WARN_DIRECT_OBJC_ISA_USAGE = YES_ERROR;
				CLANG_WARN_DOCUMENTATION_COMMENTS = YES;
				CLANG_WARN_EMPTY_BODY = YES;
				CLANG_WARN_ENUM_CONVERSION = YES;
				CLANG_WARN_INFINITE_RECURSION = YES;
				CLANG_WARN_INT_CONVERSION = YES;
				CLANG_WARN_NON_LITERAL_NULL_CONVERSION = YES;
				CLANG_WARN_OBJC_LITERAL_CONVERSION = YES;
				CLANG_WARN_OBJC_ROOT_CLASS = YES_ERROR;
				CLANG_WARN_RANGE_LOOP_ANALYSIS = YES;
				CLANG_WARN_STRICT_PROTOTYPES = YES;
				CLANG_WARN_SUSPICIOUS_MOVE = YES;
				CLANG_WARN_UNGUARDED_AVAILABILITY = YES_AGGRESSIVE;
				CLANG_WARN_UNREACHABLE_CODE = YES;
				CLANG_WARN__DUPLICATE_METHOD_MATCH = YES;
				CODE_SIGN_IDENTITY = "iPhone Developer";
				COPY_PHASE_STRIP = NO;
				DEBUG_INFORMATION_FORMAT = dwarf;
				ENABLE_STRICT_OBJC_MSGSEND = YES;
				ENABLE_TESTABILITY = YES;
				GCC_C_LANGUAGE_STANDARD = gnu11;
				GCC_DYNAMIC_NO_PIC = NO;
				GCC_NO_COMMON_BLOCKS = YES;
				GCC_OPTIMIZATION_LEVEL = 0;
				GCC_PREPROCESSOR_DEFINITIONS = (
					"DEBUG=1",
					"$(inherited)",
				);
				GCC_WARN_64_TO_32_BIT_CONVERSION = YES;
				GCC_WARN_ABOUT_RETURN_TYPE = YES_ERROR;
				GCC_WARN_UNDECLARED_SELECTOR = YES;
				GCC_WARN_UNINITIALIZED_AUTOS = YES_AGGRESSIVE;
				GCC_WARN_UNUSED_FUNCTION = YES;
				GCC_WARN_UNUSED_VARIABLE = YES;
				IPHONEOS_DEPLOYMENT_TARGET = 11.0;
				MTL_ENABLE_DEBUG_INFO = YES;
				ONLY_ACTIVE_ARCH = YES;
				SDKROOT = iphoneos;
				SWIFT_ACTIVE_COMPILATION_CONDITIONS = DEBUG;
				SWIFT_OPTIMIZATION_LEVEL = "-Onone";
			};
			name = Debug;
		};
		F774FAF41F844F3600AFAADF /* Release */ = {
			isa = XCBuildConfiguration;
			buildSettings = {
				ALWAYS_SEARCH_USER_PATHS = NO;
				CLANG_ANALYZER_NONNULL = YES;
				CLANG_ANALYZER_NUMBER_OBJECT_CONVERSION = YES_AGGRESSIVE;
				CLANG_CXX_LANGUAGE_STANDARD = "gnu++14";
				CLANG_CXX_LIBRARY = "libc++";
				CLANG_ENABLE_MODULES = YES;
				CLANG_ENABLE_OBJC_ARC = YES;
				CLANG_WARN_BLOCK_CAPTURE_AUTORELEASING = YES;
				CLANG_WARN_BOOL_CONVERSION = YES;
				CLANG_WARN_COMMA = YES;
				CLANG_WARN_CONSTANT_CONVERSION = YES;
				CLANG_WARN_DIRECT_OBJC_ISA_USAGE = YES_ERROR;
				CLANG_WARN_DOCUMENTATION_COMMENTS = YES;
				CLANG_WARN_EMPTY_BODY = YES;
				CLANG_WARN_ENUM_CONVERSION = YES;
				CLANG_WARN_INFINITE_RECURSION = YES;
				CLANG_WARN_INT_CONVERSION = YES;
				CLANG_WARN_NON_LITERAL_NULL_CONVERSION = YES;
				CLANG_WARN_OBJC_LITERAL_CONVERSION = YES;
				CLANG_WARN_OBJC_ROOT_CLASS = YES_ERROR;
				CLANG_WARN_RANGE_LOOP_ANALYSIS = YES;
				CLANG_WARN_STRICT_PROTOTYPES = YES;
				CLANG_WARN_SUSPICIOUS_MOVE = YES;
				CLANG_WARN_UNGUARDED_AVAILABILITY = YES_AGGRESSIVE;
				CLANG_WARN_UNREACHABLE_CODE = YES;
				CLANG_WARN__DUPLICATE_METHOD_MATCH = YES;
				CODE_SIGN_IDENTITY = "iPhone Developer";
				COPY_PHASE_STRIP = NO;
				DEBUG_INFORMATION_FORMAT = "dwarf-with-dsym";
				ENABLE_NS_ASSERTIONS = NO;
				ENABLE_STRICT_OBJC_MSGSEND = YES;
				GCC_C_LANGUAGE_STANDARD = gnu11;
				GCC_NO_COMMON_BLOCKS = YES;
				GCC_WARN_64_TO_32_BIT_CONVERSION = YES;
				GCC_WARN_ABOUT_RETURN_TYPE = YES_ERROR;
				GCC_WARN_UNDECLARED_SELECTOR = YES;
				GCC_WARN_UNINITIALIZED_AUTOS = YES_AGGRESSIVE;
				GCC_WARN_UNUSED_FUNCTION = YES;
				GCC_WARN_UNUSED_VARIABLE = YES;
				IPHONEOS_DEPLOYMENT_TARGET = 11.0;
				MTL_ENABLE_DEBUG_INFO = NO;
				SDKROOT = iphoneos;
				SWIFT_OPTIMIZATION_LEVEL = "-Owholemodule";
				VALIDATE_PRODUCT = YES;
			};
			name = Release;
		};
		F774FAF61F844F3600AFAADF /* Debug */ = {
			isa = XCBuildConfiguration;
			baseConfigurationReference = BCC6E938CAB287F7A36C5D5B /* Pods-AmplitudeTracker.debug.xcconfig */;
			buildSettings = {
				ALWAYS_SEARCH_USER_PATHS = NO;
				ASSETCATALOG_COMPILER_APPICON_NAME = AppIcon;
				CODE_SIGN_STYLE = Automatic;
				DEVELOPMENT_TEAM = JZRGG2W4BA;
				FRAMEWORK_SEARCH_PATHS = "$(inherited)";
				INFOPLIST_FILE = AmplitudeTracker/Info.plist;
				LD_RUNPATH_SEARCH_PATHS = "$(inherited) @executable_path/Frameworks";
				PRODUCT_BUNDLE_IDENTIFIER = com.oogafish.AmplitudeTracker;
				PRODUCT_NAME = "$(TARGET_NAME)";
				SWIFT_VERSION = 4.0;
				TARGETED_DEVICE_FAMILY = "1,2";
			};
			name = Debug;
		};
		F774FAF71F844F3600AFAADF /* Release */ = {
			isa = XCBuildConfiguration;
			baseConfigurationReference = 76998D21FFC0F20EF14ECE0D /* Pods-AmplitudeTracker.release.xcconfig */;
			buildSettings = {
				ALWAYS_SEARCH_USER_PATHS = NO;
				ASSETCATALOG_COMPILER_APPICON_NAME = AppIcon;
				CODE_SIGN_STYLE = Automatic;
				DEVELOPMENT_TEAM = JZRGG2W4BA;
				FRAMEWORK_SEARCH_PATHS = "$(inherited)";
				INFOPLIST_FILE = AmplitudeTracker/Info.plist;
				LD_RUNPATH_SEARCH_PATHS = "$(inherited) @executable_path/Frameworks";
				PRODUCT_BUNDLE_IDENTIFIER = com.oogafish.AmplitudeTracker;
				PRODUCT_NAME = "$(TARGET_NAME)";
				SWIFT_VERSION = 4.0;
				TARGETED_DEVICE_FAMILY = "1,2";
			};
			name = Release;
		};
/* End XCBuildConfiguration section */

/* Begin XCConfigurationList section */
		F774FADE1F844F3600AFAADF /* Build configuration list for PBXProject "AmplitudeTracker" */ = {
			isa = XCConfigurationList;
			buildConfigurations = (
				F774FAF31F844F3600AFAADF /* Debug */,
				F774FAF41F844F3600AFAADF /* Release */,
			);
			defaultConfigurationIsVisible = 0;
			defaultConfigurationName = Release;
		};
		F774FAF51F844F3600AFAADF /* Build configuration list for PBXNativeTarget "AmplitudeTracker" */ = {
			isa = XCConfigurationList;
			buildConfigurations = (
				F774FAF61F844F3600AFAADF /* Debug */,
				F774FAF71F844F3600AFAADF /* Release */,
			);
			defaultConfigurationIsVisible = 0;
			defaultConfigurationName = Release;
		};
/* End XCConfigurationList section */
	};
	rootObject = F774FADB1F844F3600AFAADF /* Project object */;
}
